
Microsoft Visual Studio Solution File, Format Version 12.00
# Visual Studio 15
VisualStudioVersion = 15.0.28010.2046
MinimumVisualStudioVersion = 10.0.40219.1
Project("{9A19103F-16F7-4668-BE54-9A1E7A4F7556}") = "API", "API\API.csproj", "{17E1B153-8E23-40EB-86A0-9AFACFDA49A5}"
EndProject
Project("{9A19103F-16F7-4668-BE54-9A1E7A4F7556}") = "Server", "Server\Server.csproj", "{A04A78F1-D19F-4CDD-B5D9-19AF1742DDDC}"
EndProject
Project("{9A19103F-16F7-4668-BE54-9A1E7A4F7556}") = "Common", "Common\Common.csproj", "{21100AA4-D491-460B-B6AC-C4611CDFC4AC}"
EndProject
Project("{9A19103F-16F7-4668-BE54-9A1E7A4F7556}") = "HexClient", "HexClient\HexClient.csproj", "{B4DF0ADB-FAEC-4861-8E6B-9FE848866280}"
EndProject
Project("{FAE04EC0-301F-11D3-BF4B-00C04F79EFBC}") = "Testing", "Testing\Testing.csproj", "{24D24739-BB7A-4614-966A-A5167AF34EEF}"
EndProject
Global
	GlobalSection(SolutionConfigurationPlatforms) = preSolution
		Debug|Any CPU = Debug|Any CPU
		Release|Any CPU = Release|Any CPU
	EndGlobalSection
	GlobalSection(ProjectConfigurationPlatforms) = postSolution
		{17E1B153-8E23-40EB-86A0-9AFACFDA49A5}.Debug|Any CPU.ActiveCfg = Debug|Any CPU
		{17E1B153-8E23-40EB-86A0-9AFACFDA49A5}.Debug|Any CPU.Build.0 = Debug|Any CPU
		{17E1B153-8E23-40EB-86A0-9AFACFDA49A5}.Release|Any CPU.ActiveCfg = Release|Any CPU
		{17E1B153-8E23-40EB-86A0-9AFACFDA49A5}.Release|Any CPU.Build.0 = Release|Any CPU
		{A04A78F1-D19F-4CDD-B5D9-19AF1742DDDC}.Debug|Any CPU.ActiveCfg = Debug|Any CPU
		{A04A78F1-D19F-4CDD-B5D9-19AF1742DDDC}.Debug|Any CPU.Build.0 = Debug|Any CPU
		{A04A78F1-D19F-4CDD-B5D9-19AF1742DDDC}.Release|Any CPU.ActiveCfg = Release|Any CPU
		{A04A78F1-D19F-4CDD-B5D9-19AF1742DDDC}.Release|Any CPU.Build.0 = Release|Any CPU
		{21100AA4-D491-460B-B6AC-C4611CDFC4AC}.Debug|Any CPU.ActiveCfg = Debug|Any CPU
		{21100AA4-D491-460B-B6AC-C4611CDFC4AC}.Debug|Any CPU.Build.0 = Debug|Any CPU
		{21100AA4-D491-460B-B6AC-C4611CDFC4AC}.Release|Any CPU.ActiveCfg = Release|Any CPU
		{21100AA4-D491-460B-B6AC-C4611CDFC4AC}.Release|Any CPU.Build.0 = Release|Any CPU
		{B4DF0ADB-FAEC-4861-8E6B-9FE848866280}.Debug|Any CPU.ActiveCfg = Debug|Any CPU
		{B4DF0ADB-FAEC-4861-8E6B-9FE848866280}.Debug|Any CPU.Build.0 = Debug|Any CPU
		{B4DF0ADB-FAEC-4861-8E6B-9FE848866280}.Release|Any CPU.ActiveCfg = Release|Any CPU
		{B4DF0ADB-FAEC-4861-8E6B-9FE848866280}.Release|Any CPU.Build.0 = Release|Any CPU
		{24D24739-BB7A-4614-966A-A5167AF34EEF}.Debug|Any CPU.ActiveCfg = Debug|Any CPU
		{24D24739-BB7A-4614-966A-A5167AF34EEF}.Debug|Any CPU.Build.0 = Debug|Any CPU
		{24D24739-BB7A-4614-966A-A5167AF34EEF}.Release|Any CPU.ActiveCfg = Release|Any CPU
		{24D24739-BB7A-4614-966A-A5167AF34EEF}.Release|Any CPU.Build.0 = Release|Any CPU
	EndGlobalSection
	GlobalSection(SolutionProperties) = preSolution
		HideSolutionNode = FALSE
	EndGlobalSection
	GlobalSection(ExtensibilityGlobals) = postSolution
		SolutionGuid = {29A2683E-D408-4E1D-A4FB-411FE80A0502}
	EndGlobalSection
EndGlobal
