
Microsoft Visual Studio Solution File, Format Version 12.00
# Visual Studio 15
VisualStudioVersion = 15.0.28010.2046
MinimumVisualStudioVersion = 10.0.40219.1
Project("{FAE04EC0-301F-11D3-BF4B-00C04F79EFBC}") = "Hex", "Hex\Hex.csproj", "{66001129-FE84-4122-94B1-1CB1B1C224DE}"
EndProject
Global
	GlobalSection(SolutionConfigurationPlatforms) = preSolution
		Debug|Any CPU = Debug|Any CPU
		Release|Any CPU = Release|Any CPU
	EndGlobalSection
	GlobalSection(ProjectConfigurationPlatforms) = postSolution
		{66001129-FE84-4122-94B1-1CB1B1C224DE}.Debug|Any CPU.ActiveCfg = Debug|Any CPU
		{66001129-FE84-4122-94B1-1CB1B1C224DE}.Debug|Any CPU.Build.0 = Debug|Any CPU
		{66001129-FE84-4122-94B1-1CB1B1C224DE}.Release|Any CPU.ActiveCfg = Release|Any CPU
		{66001129-FE84-4122-94B1-1CB1B1C224DE}.Release|Any CPU.Build.0 = Release|Any CPU
	EndGlobalSection
	GlobalSection(SolutionProperties) = preSolution
		HideSolutionNode = FALSE
	EndGlobalSection
	GlobalSection(ExtensibilityGlobals) = postSolution
		SolutionGuid = {29A2683E-D408-4E1D-A4FB-411FE80A0502}
	EndGlobalSection
EndGlobal
